
Microsoft Visual Studio Solution File, Format Version 12.00
# Visual Studio Version 16
VisualStudioVersion = 16.0.28803.352
MinimumVisualStudioVersion = 10.0.40219.1
Project("{FAE04EC0-301F-11D3-BF4B-00C04F79EFBC}") = "Movies", "Movies\Movies.csproj", "{FB284936-024A-41C6-9249-B98A1FA1338C}"
EndProject
Project("{FAE04EC0-301F-11D3-BF4B-00C04F79EFBC}") = "DAL", "DAL\DAL.csproj", "{246CAB42-5D8C-4707-93E7-9A2FC34221A9}"
EndProject
Global
	GlobalSection(SolutionConfigurationPlatforms) = preSolution
		Debug|Any CPU = Debug|Any CPU
		Release|Any CPU = Release|Any CPU
	EndGlobalSection
	GlobalSection(ProjectConfigurationPlatforms) = postSolution
		{FB284936-024A-41C6-9249-B98A1FA1338C}.Debug|Any CPU.ActiveCfg = Debug|Any CPU
		{FB284936-024A-41C6-9249-B98A1FA1338C}.Debug|Any CPU.Build.0 = Debug|Any CPU
		{FB284936-024A-41C6-9249-B98A1FA1338C}.Release|Any CPU.ActiveCfg = Release|Any CPU
		{FB284936-024A-41C6-9249-B98A1FA1338C}.Release|Any CPU.Build.0 = Release|Any CPU
		{246CAB42-5D8C-4707-93E7-9A2FC34221A9}.Debug|Any CPU.ActiveCfg = Debug|Any CPU
		{246CAB42-5D8C-4707-93E7-9A2FC34221A9}.Debug|Any CPU.Build.0 = Debug|Any CPU
		{246CAB42-5D8C-4707-93E7-9A2FC34221A9}.Release|Any CPU.ActiveCfg = Release|Any CPU
		{246CAB42-5D8C-4707-93E7-9A2FC34221A9}.Release|Any CPU.Build.0 = Release|Any CPU
	EndGlobalSection
	GlobalSection(SolutionProperties) = preSolution
		HideSolutionNode = FALSE
	EndGlobalSection
	GlobalSection(ExtensibilityGlobals) = postSolution
		SolutionGuid = {D0A6FE6D-8117-44D1-ADE5-8A8244B0A5C1}
	EndGlobalSection
EndGlobal
